
Microsoft Visual Studio Solution File, Format Version 12.00
# Visual Studio Version 16
VisualStudioVersion = 16.0.31829.152
MinimumVisualStudioVersion = 10.0.40219.1
Project("{8BC9CEB8-8B4A-11D0-8D11-00A0C91BC942}") = "xSE PluginPreloader", "xSE PluginPreloader.vcxproj", "{D8462034-E42F-47A3-863E-E6BC7252C178}"
EndProject
Project("{2150E333-8FDC-42A3-9474-1A3956D46DE8}") = "Solution Items", "Solution Items", "{224AF95A-A995-4BEA-889C-40A80EA05DF3}"
	ProjectSection(SolutionItems) = preProject
		.editorconfig = .editorconfig
	EndProjectSection
EndProject
Global
	GlobalSection(SolutionConfigurationPlatforms) = preSolution
		F4SE|x64 = F4SE|x64
		F4SE|x86 = F4SE|x86
		NVSE|x64 = NVSE|x64
		NVSE|x86 = NVSE|x86
		SKSE|x64 = SKSE|x64
		SKSE|x86 = SKSE|x86
		SKSE64|x64 = SKSE64|x64
		SKSE64|x86 = SKSE64|x86
	EndGlobalSection
	GlobalSection(ProjectConfigurationPlatforms) = postSolution
		{D8462034-E42F-47A3-863E-E6BC7252C178}.F4SE|x64.ActiveCfg = F4SE|x64
		{D8462034-E42F-47A3-863E-E6BC7252C178}.F4SE|x64.Build.0 = F4SE|x64
		{D8462034-E42F-47A3-863E-E6BC7252C178}.F4SE|x86.ActiveCfg = F4SE|Win32
		{D8462034-E42F-47A3-863E-E6BC7252C178}.NVSE|x64.ActiveCfg = NVSE|x64
		{D8462034-E42F-47A3-863E-E6BC7252C178}.NVSE|x86.ActiveCfg = NVSE|Win32
		{D8462034-E42F-47A3-863E-E6BC7252C178}.NVSE|x86.Build.0 = NVSE|Win32
		{D8462034-E42F-47A3-863E-E6BC7252C178}.SKSE|x64.ActiveCfg = SKSE|x64
		{D8462034-E42F-47A3-863E-E6BC7252C178}.SKSE|x86.ActiveCfg = SKSE|Win32
		{D8462034-E42F-47A3-863E-E6BC7252C178}.SKSE|x86.Build.0 = SKSE|Win32
		{D8462034-E42F-47A3-863E-E6BC7252C178}.SKSE64|x64.ActiveCfg = SKSE64|x64
		{D8462034-E42F-47A3-863E-E6BC7252C178}.SKSE64|x64.Build.0 = SKSE64|x64
		{D8462034-E42F-47A3-863E-E6BC7252C178}.SKSE64|x86.ActiveCfg = SKSE64|Win32
	EndGlobalSection
	GlobalSection(SolutionProperties) = preSolution
		HideSolutionNode = FALSE
	EndGlobalSection
	GlobalSection(ExtensibilityGlobals) = postSolution
		SolutionGuid = {CC2645FB-4913-4640-97D8-B86B5F913C5E}
	EndGlobalSection
EndGlobal
