<?xml version="1.0" encoding="utf-8"?>
<Project ToolsVersion="4.0" xmlns="http://schemas.microsoft.com/developer/msbuild/2003">
  <ItemGroup>
    <Filter Include="Source">
      <UniqueIdentifier>{4FC737F1-C7A5-4376-A066-2A32D752A2FF}</UniqueIdentifier>
      <Extensions>cpp;c;cc;cxx;def;odl;idl;hpj;bat;asm;asmx</Extensions>
    </Filter>
    <Filter Include="Source\ProxyFunctions">
      <UniqueIdentifier>{50fce867-34ad-4e25-8c58-39eff42d1db8}</UniqueIdentifier>
    </Filter>
    <Filter Include="Resources">
      <UniqueIdentifier>{67DA6AB6-F800-4c08-8B7A-83BB121AAD01}</UniqueIdentifier>
      <Extensions>rc;ico;cur;bmp;dlg;rc2;rct;bin;rgs;gif;jpg;jpeg;jpe;resx;tiff;tif;png;wav;mfcribbon-ms</Extensions>
    </Filter>
    <Filter Include="Resources\Exports">
      <UniqueIdentifier>{2a4bff16-3e05-4934-9f59-f5c51f1bf9fc}</UniqueIdentifier>
    </Filter>
  </ItemGroup>
  <ItemGroup>
    <ClCompile Include="Source\DLLMain.cpp">
      <Filter>Source</Filter>
    </ClCompile>
    <ClCompile Include="Source\xSEPluginPreloader.cpp">
      <Filter>Source</Filter>
    </ClCompile>
    <ClCompile Include="Source\xSEPluginPreloaderFunctions.cpp">
      <Filter>Source</Filter>
    </ClCompile>
    <ClCompile Include="Source\pch.cpp">
      <Filter>Source</Filter>
    </ClCompile>
    <ClCompile Include="Source\VectoredExceptionHandler.cpp">
      <Filter>Source</Filter>
    </ClCompile>
  </ItemGroup>
  <ItemGroup>
    <ClInclude Include="resource.h">
      <Filter>Resources</Filter>
    </ClInclude>
    <ClInclude Include="Source\ScriptExtenderDefinesBase.h">
      <Filter>Source</Filter>
    </ClInclude>
    <ClInclude Include="Source\xSEPluginPreloader.h">
      <Filter>Source</Filter>
    </ClInclude>
    <ClInclude Include="Source\ProxyFunctions\DInput8.h">
      <Filter>Source\ProxyFunctions</Filter>
    </ClInclude>
    <ClInclude Include="Source\ProxyFunctions\IpHlpAPI.h">
      <Filter>Source\ProxyFunctions</Filter>
    </ClInclude>
    <ClInclude Include="Source\ProxyFunctions\WinMM.h">
      <Filter>Source\ProxyFunctions</Filter>
    </ClInclude>
    <ClInclude Include="Source\ProxyFunctions\X3DAudio17.h">
      <Filter>Source\ProxyFunctions</Filter>
    </ClInclude>
    <ClInclude Include="Source\ProxyFunctions\bink2w64.h">
      <Filter>Source\ProxyFunctions</Filter>
    </ClInclude>
    <ClInclude Include="Source\pch.hpp">
      <Filter>Source</Filter>
    </ClInclude>
    <ClInclude Include="Source\Framework.hpp">
      <Filter>Source</Filter>
    </ClInclude>
    <ClInclude Include="Source\VectoredExceptionHandler.h">
      <Filter>Source</Filter>
    </ClInclude>
  </ItemGroup>
  <ItemGroup>
    <MASM Include="Source\UnconditionalJump.asm">
      <Filter>Source</Filter>
    </MASM>
  </ItemGroup>
  <ItemGroup>
    <ResourceCompile Include="xSE PluginPreloader.rc">
      <Filter>Resources</Filter>
    </ResourceCompile>
  </ItemGroup>
  <ItemGroup>
    <Xml Include="Build\xSE PluginPreloader.xml">
      <Filter>Resources</Filter>
    </Xml>
  </ItemGroup>
  <ItemGroup>
    <None Include="ChangeLog.md">
      <Filter>Resources</Filter>
    </None>
    <None Include="README.md">
      <Filter>Resources</Filter>
    </None>
    <None Include="Exports\F4SE.def">
      <Filter>Resources\Exports</Filter>
    </None>
    <None Include="Exports\NVSE.def">
      <Filter>Resources\Exports</Filter>
    </None>
    <None Include="Exports\SKSE64.def">
      <Filter>Resources\Exports</Filter>
    </None>
  </ItemGroup>
</Project>